
Microsoft Visual Studio Solution File, Format Version 12.00
# Visual Studio Version 17
VisualStudioVersion = 17.3.32825.248
MinimumVisualStudioVersion = 10.0.40219.1
Project("{FAE04EC0-301F-11D3-BF4B-00C04F79EFBC}") = "Basic API", "Basic API\Basic API.csproj", "{2FB0660F-DD57-436E-BA48-6784FC5826C6}"
EndProject
Global
	GlobalSection(SolutionConfigurationPlatforms) = preSolution
		Debug|Any CPU = Debug|Any CPU
		Release|Any CPU = Release|Any CPU
	EndGlobalSection
	GlobalSection(ProjectConfigurationPlatforms) = postSolution
		{2FB0660F-DD57-436E-BA48-6784FC5826C6}.Debug|Any CPU.ActiveCfg = Debug|Any CPU
		{2FB0660F-DD57-436E-BA48-6784FC5826C6}.Debug|Any CPU.Build.0 = Debug|Any CPU
		{2FB0660F-DD57-436E-BA48-6784FC5826C6}.Release|Any CPU.ActiveCfg = Release|Any CPU
		{2FB0660F-DD57-436E-BA48-6784FC5826C6}.Release|Any CPU.Build.0 = Release|Any CPU
	EndGlobalSection
	GlobalSection(SolutionProperties) = preSolution
		HideSolutionNode = FALSE
	EndGlobalSection
	GlobalSection(ExtensibilityGlobals) = postSolution
		SolutionGuid = {A37F188C-E6CD-4B25-AAFA-95F16BAC7D8B}
	EndGlobalSection
EndGlobal
